
Microsoft Visual Studio Solution File, Format Version 12.00
# Visual Studio Version 17
VisualStudioVersion = 17.0.31912.275
MinimumVisualStudioVersion = 10.0.40219.1
Project("{FAE04EC0-301F-11D3-BF4B-00C04F79EFBC}") = "Exercicio3", "Exercicio3\Exercicio3.csproj", "{D4E2D87E-E9C1-40C4-93C1-F74EF38E1232}"
EndProject
Global
	GlobalSection(SolutionConfigurationPlatforms) = preSolution
		Debug|Any CPU = Debug|Any CPU
		Release|Any CPU = Release|Any CPU
	EndGlobalSection
	GlobalSection(ProjectConfigurationPlatforms) = postSolution
		{D4E2D87E-E9C1-40C4-93C1-F74EF38E1232}.Debug|Any CPU.ActiveCfg = Debug|Any CPU
		{D4E2D87E-E9C1-40C4-93C1-F74EF38E1232}.Debug|Any CPU.Build.0 = Debug|Any CPU
		{D4E2D87E-E9C1-40C4-93C1-F74EF38E1232}.Release|Any CPU.ActiveCfg = Release|Any CPU
		{D4E2D87E-E9C1-40C4-93C1-F74EF38E1232}.Release|Any CPU.Build.0 = Release|Any CPU
	EndGlobalSection
	GlobalSection(SolutionProperties) = preSolution
		HideSolutionNode = FALSE
	EndGlobalSection
	GlobalSection(ExtensibilityGlobals) = postSolution
		SolutionGuid = {EC3F1604-79AB-43EB-982E-AC7DD9A45AF8}
	EndGlobalSection
EndGlobal
