
Microsoft Visual Studio Solution File, Format Version 12.00
# Visual Studio Version 17
VisualStudioVersion = 17.0.31912.275
MinimumVisualStudioVersion = 10.0.40219.1
Project("{9A19103F-16F7-4668-BE54-9A1E7A4F7556}") = "ApiRest", "ApiRest\ApiRest.csproj", "{6202A869-FBD8-4CD6-B9BE-314123EAB3AD}"
EndProject
Project("{FAE04EC0-301F-11D3-BF4B-00C04F79EFBC}") = "GeradorToken", "GeradorToken\GeradorToken.csproj", "{DC3D37CB-8AE5-419E-93F3-16D026A25FD9}"
EndProject
Global
	GlobalSection(SolutionConfigurationPlatforms) = preSolution
		Debug|Any CPU = Debug|Any CPU
		Release|Any CPU = Release|Any CPU
	EndGlobalSection
	GlobalSection(ProjectConfigurationPlatforms) = postSolution
		{6202A869-FBD8-4CD6-B9BE-314123EAB3AD}.Debug|Any CPU.ActiveCfg = Debug|Any CPU
		{6202A869-FBD8-4CD6-B9BE-314123EAB3AD}.Debug|Any CPU.Build.0 = Debug|Any CPU
		{6202A869-FBD8-4CD6-B9BE-314123EAB3AD}.Release|Any CPU.ActiveCfg = Release|Any CPU
		{6202A869-FBD8-4CD6-B9BE-314123EAB3AD}.Release|Any CPU.Build.0 = Release|Any CPU
		{DC3D37CB-8AE5-419E-93F3-16D026A25FD9}.Debug|Any CPU.ActiveCfg = Debug|Any CPU
		{DC3D37CB-8AE5-419E-93F3-16D026A25FD9}.Debug|Any CPU.Build.0 = Debug|Any CPU
		{DC3D37CB-8AE5-419E-93F3-16D026A25FD9}.Release|Any CPU.ActiveCfg = Release|Any CPU
		{DC3D37CB-8AE5-419E-93F3-16D026A25FD9}.Release|Any CPU.Build.0 = Release|Any CPU
	EndGlobalSection
	GlobalSection(SolutionProperties) = preSolution
		HideSolutionNode = FALSE
	EndGlobalSection
	GlobalSection(ExtensibilityGlobals) = postSolution
		SolutionGuid = {451C4AF2-F295-49B2-BF06-B3BDA4A44B27}
	EndGlobalSection
EndGlobal
